
Microsoft Visual Studio Solution File, Format Version 12.00
# Visual Studio Version 16
VisualStudioVersion = 16.0.30717.126
MinimumVisualStudioVersion = 10.0.40219.1
Project("{FAE04EC0-301F-11D3-BF4B-00C04F79EFBC}") = "Xamarin.Android", "Xamarin.Android\Xamarin.Android.csproj", "{45F7497E-0399-4311-987B-A997576126EB}"
EndProject
Global
	GlobalSection(SolutionConfigurationPlatforms) = preSolution
		Debug|Any CPU = Debug|Any CPU
		Release|Any CPU = Release|Any CPU
	EndGlobalSection
	GlobalSection(ProjectConfigurationPlatforms) = postSolution
		{45F7497E-0399-4311-987B-A997576126EB}.Debug|Any CPU.ActiveCfg = Debug|Any CPU
		{45F7497E-0399-4311-987B-A997576126EB}.Debug|Any CPU.Build.0 = Debug|Any CPU
		{45F7497E-0399-4311-987B-A997576126EB}.Release|Any CPU.ActiveCfg = Release|Any CPU
		{45F7497E-0399-4311-987B-A997576126EB}.Release|Any CPU.Build.0 = Release|Any CPU
	EndGlobalSection
	GlobalSection(SolutionProperties) = preSolution
		HideSolutionNode = FALSE
	EndGlobalSection
	GlobalSection(ExtensibilityGlobals) = postSolution
		SolutionGuid = {9A407850-C5A1-484A-96F1-BBC7BC5009A8}
	EndGlobalSection
EndGlobal
